
Microsoft Visual Studio Solution File, Format Version 12.00
# Visual Studio 15
VisualStudioVersion = 15.0.28307.489
MinimumVisualStudioVersion = 10.0.40219.1
Project("{FAE04EC0-301F-11D3-BF4B-00C04F79EFBC}") = "eShop", "eShop\eShop.csproj", "{937EA489-838B-4A68-A341-2F3FA0E29709}"
EndProject
Project("{FAE04EC0-301F-11D3-BF4B-00C04F79EFBC}") = "Library", "Library\Library.csproj", "{73317CE3-2BF6-4931-BEBC-3AF01BD34674}"
EndProject
Global
	GlobalSection(SolutionConfigurationPlatforms) = preSolution
		Debug|Any CPU = Debug|Any CPU
		Release|Any CPU = Release|Any CPU
	EndGlobalSection
	GlobalSection(ProjectConfigurationPlatforms) = postSolution
		{937EA489-838B-4A68-A341-2F3FA0E29709}.Debug|Any CPU.ActiveCfg = Debug|Any CPU
		{937EA489-838B-4A68-A341-2F3FA0E29709}.Debug|Any CPU.Build.0 = Debug|Any CPU
		{937EA489-838B-4A68-A341-2F3FA0E29709}.Release|Any CPU.ActiveCfg = Release|Any CPU
		{937EA489-838B-4A68-A341-2F3FA0E29709}.Release|Any CPU.Build.0 = Release|Any CPU
		{73317CE3-2BF6-4931-BEBC-3AF01BD34674}.Debug|Any CPU.ActiveCfg = Debug|Any CPU
		{73317CE3-2BF6-4931-BEBC-3AF01BD34674}.Debug|Any CPU.Build.0 = Debug|Any CPU
		{73317CE3-2BF6-4931-BEBC-3AF01BD34674}.Release|Any CPU.ActiveCfg = Release|Any CPU
		{73317CE3-2BF6-4931-BEBC-3AF01BD34674}.Release|Any CPU.Build.0 = Release|Any CPU
	EndGlobalSection
	GlobalSection(SolutionProperties) = preSolution
		HideSolutionNode = FALSE
	EndGlobalSection
	GlobalSection(ExtensibilityGlobals) = postSolution
		SolutionGuid = {787A1237-C681-430E-966F-61FAA3C8F096}
	EndGlobalSection
EndGlobal
