
Microsoft Visual Studio Solution File, Format Version 12.00
# Visual Studio 15
VisualStudioVersion = 15.0.28307.539
MinimumVisualStudioVersion = 10.0.40219.1
Project("{FAE04EC0-301F-11D3-BF4B-00C04F79EFBC}") = "GasStationApp", "GasStationApp\GasStationApp.csproj", "{5B16979A-DB49-4986-8486-80A75BD803B2}"
EndProject
Project("{FAE04EC0-301F-11D3-BF4B-00C04F79EFBC}") = "MyLibrary", "MyLibrary\MyLibrary.csproj", "{FD7559E3-1AB7-48F5-A333-652F2C7FFF4E}"
EndProject
Global
	GlobalSection(SolutionConfigurationPlatforms) = preSolution
		Debug|Any CPU = Debug|Any CPU
		Release|Any CPU = Release|Any CPU
	EndGlobalSection
	GlobalSection(ProjectConfigurationPlatforms) = postSolution
		{5B16979A-DB49-4986-8486-80A75BD803B2}.Debug|Any CPU.ActiveCfg = Debug|Any CPU
		{5B16979A-DB49-4986-8486-80A75BD803B2}.Debug|Any CPU.Build.0 = Debug|Any CPU
		{5B16979A-DB49-4986-8486-80A75BD803B2}.Release|Any CPU.ActiveCfg = Release|Any CPU
		{5B16979A-DB49-4986-8486-80A75BD803B2}.Release|Any CPU.Build.0 = Release|Any CPU
		{FD7559E3-1AB7-48F5-A333-652F2C7FFF4E}.Debug|Any CPU.ActiveCfg = Debug|Any CPU
		{FD7559E3-1AB7-48F5-A333-652F2C7FFF4E}.Debug|Any CPU.Build.0 = Debug|Any CPU
		{FD7559E3-1AB7-48F5-A333-652F2C7FFF4E}.Release|Any CPU.ActiveCfg = Release|Any CPU
		{FD7559E3-1AB7-48F5-A333-652F2C7FFF4E}.Release|Any CPU.Build.0 = Release|Any CPU
	EndGlobalSection
	GlobalSection(SolutionProperties) = preSolution
		HideSolutionNode = FALSE
	EndGlobalSection
	GlobalSection(ExtensibilityGlobals) = postSolution
		SolutionGuid = {D7C89A52-4682-4D85-A166-A379F139FB2A}
	EndGlobalSection
EndGlobal
